
Microsoft Visual Studio Solution File, Format Version 12.00
# Visual Studio Version 16
VisualStudioVersion = 16.0.30309.148
MinimumVisualStudioVersion = 10.0.40219.1
Project("{888888A0-9F3D-457C-B088-3A5042F75D52}") = "FPO", "FPO.pyproj", "{99A5E25A-1C27-4AF0-9A8B-11A00BB79424}"
EndProject
Global
	GlobalSection(SolutionConfigurationPlatforms) = preSolution
		Debug|Any CPU = Debug|Any CPU
		Release|Any CPU = Release|Any CPU
	EndGlobalSection
	GlobalSection(ProjectConfigurationPlatforms) = postSolution
		{99A5E25A-1C27-4AF0-9A8B-11A00BB79424}.Debug|Any CPU.ActiveCfg = Debug|Any CPU
		{99A5E25A-1C27-4AF0-9A8B-11A00BB79424}.Debug|Any CPU.Build.0 = Debug|Any CPU
		{99A5E25A-1C27-4AF0-9A8B-11A00BB79424}.Release|Any CPU.ActiveCfg = Release|Any CPU
		{99A5E25A-1C27-4AF0-9A8B-11A00BB79424}.Release|Any CPU.Build.0 = Release|Any CPU
	EndGlobalSection
	GlobalSection(SolutionProperties) = preSolution
		HideSolutionNode = FALSE
	EndGlobalSection
	GlobalSection(ExtensibilityGlobals) = postSolution
		SolutionGuid = {C0DCF235-E5D3-470F-8DBA-F7C80D598E7F}
	EndGlobalSection
EndGlobal
